
Microsoft Visual Studio Solution File, Format Version 12.00
# Visual Studio Version 17
VisualStudioVersion = 17.11.35312.102
MinimumVisualStudioVersion = 10.0.40219.1
Project("{8BC9CEB8-8B4A-11D0-8D11-00A0C91BC942}") = "Quinto taller -8", "Quinto taller -8\Quinto taller -8.vcxproj", "{C0E3CB1F-EAFE-4AB8-A988-0B264D2C3DD1}"
EndProject
Global
	GlobalSection(SolutionConfigurationPlatforms) = preSolution
		Debug|x64 = Debug|x64
		Debug|x86 = Debug|x86
		Release|x64 = Release|x64
		Release|x86 = Release|x86
	EndGlobalSection
	GlobalSection(ProjectConfigurationPlatforms) = postSolution
		{C0E3CB1F-EAFE-4AB8-A988-0B264D2C3DD1}.Debug|x64.ActiveCfg = Debug|x64
		{C0E3CB1F-EAFE-4AB8-A988-0B264D2C3DD1}.Debug|x64.Build.0 = Debug|x64
		{C0E3CB1F-EAFE-4AB8-A988-0B264D2C3DD1}.Debug|x86.ActiveCfg = Debug|Win32
		{C0E3CB1F-EAFE-4AB8-A988-0B264D2C3DD1}.Debug|x86.Build.0 = Debug|Win32
		{C0E3CB1F-EAFE-4AB8-A988-0B264D2C3DD1}.Release|x64.ActiveCfg = Release|x64
		{C0E3CB1F-EAFE-4AB8-A988-0B264D2C3DD1}.Release|x64.Build.0 = Release|x64
		{C0E3CB1F-EAFE-4AB8-A988-0B264D2C3DD1}.Release|x86.ActiveCfg = Release|Win32
		{C0E3CB1F-EAFE-4AB8-A988-0B264D2C3DD1}.Release|x86.Build.0 = Release|Win32
	EndGlobalSection
	GlobalSection(SolutionProperties) = preSolution
		HideSolutionNode = FALSE
	EndGlobalSection
	GlobalSection(ExtensibilityGlobals) = postSolution
		SolutionGuid = {54161441-26F6-49F3-905C-82E0043774F7}
	EndGlobalSection
EndGlobal
