
Microsoft Visual Studio Solution File, Format Version 12.00
# Visual Studio Version 17
VisualStudioVersion = 17.11.35312.102
MinimumVisualStudioVersion = 10.0.40219.1
Project("{8BC9CEB8-8B4A-11D0-8D11-00A0C91BC942}") = "Septimo taller -2", "Septimo taller -2\Septimo taller -2.vcxproj", "{DA35C876-1224-48A3-9A4E-EB65E2FA8C28}"
EndProject
Global
	GlobalSection(SolutionConfigurationPlatforms) = preSolution
		Debug|x64 = Debug|x64
		Debug|x86 = Debug|x86
		Release|x64 = Release|x64
		Release|x86 = Release|x86
	EndGlobalSection
	GlobalSection(ProjectConfigurationPlatforms) = postSolution
		{DA35C876-1224-48A3-9A4E-EB65E2FA8C28}.Debug|x64.ActiveCfg = Debug|x64
		{DA35C876-1224-48A3-9A4E-EB65E2FA8C28}.Debug|x64.Build.0 = Debug|x64
		{DA35C876-1224-48A3-9A4E-EB65E2FA8C28}.Debug|x86.ActiveCfg = Debug|Win32
		{DA35C876-1224-48A3-9A4E-EB65E2FA8C28}.Debug|x86.Build.0 = Debug|Win32
		{DA35C876-1224-48A3-9A4E-EB65E2FA8C28}.Release|x64.ActiveCfg = Release|x64
		{DA35C876-1224-48A3-9A4E-EB65E2FA8C28}.Release|x64.Build.0 = Release|x64
		{DA35C876-1224-48A3-9A4E-EB65E2FA8C28}.Release|x86.ActiveCfg = Release|Win32
		{DA35C876-1224-48A3-9A4E-EB65E2FA8C28}.Release|x86.Build.0 = Release|Win32
	EndGlobalSection
	GlobalSection(SolutionProperties) = preSolution
		HideSolutionNode = FALSE
	EndGlobalSection
	GlobalSection(ExtensibilityGlobals) = postSolution
		SolutionGuid = {605AFFC6-313A-4B94-95DF-1D33E1313C58}
	EndGlobalSection
EndGlobal
